
Microsoft Visual Studio Solution File, Format Version 12.00
# Visual Studio Version 16
VisualStudioVersion = 16.0.30128.74
MinimumVisualStudioVersion = 10.0.40219.1
Project("{FAE04EC0-301F-11D3-BF4B-00C04F79EFBC}") = "CheckPassword", "CheckPassword\CheckPassword.csproj", "{51F83A3D-8B1F-404B-A8E0-E6872E7F2425}"
EndProject
Global
	GlobalSection(SolutionConfigurationPlatforms) = preSolution
		Debug|Any CPU = Debug|Any CPU
		Release|Any CPU = Release|Any CPU
	EndGlobalSection
	GlobalSection(ProjectConfigurationPlatforms) = postSolution
		{51F83A3D-8B1F-404B-A8E0-E6872E7F2425}.Debug|Any CPU.ActiveCfg = Debug|Any CPU
		{51F83A3D-8B1F-404B-A8E0-E6872E7F2425}.Debug|Any CPU.Build.0 = Debug|Any CPU
		{51F83A3D-8B1F-404B-A8E0-E6872E7F2425}.Release|Any CPU.ActiveCfg = Release|Any CPU
		{51F83A3D-8B1F-404B-A8E0-E6872E7F2425}.Release|Any CPU.Build.0 = Release|Any CPU
	EndGlobalSection
	GlobalSection(SolutionProperties) = preSolution
		HideSolutionNode = FALSE
	EndGlobalSection
	GlobalSection(ExtensibilityGlobals) = postSolution
		SolutionGuid = {BACC59E8-7C1A-420A-BADB-D9FFF1122DFE}
	EndGlobalSection
EndGlobal
